# Generated by conda-lock.
# platform: osx-64
# input_hash: 32cb0de76cea1335d8e86d43ed3ec0bed5d9a729074c4dc0abf19556a04fb3f5
@EXPLICIT
https://conda.anaconda.org/conda-forge/osx-64/time-1.8-h01d97ff_0.tar.bz2#ad13d0aca4565e59a6f03e990105ff51
https://conda.anaconda.org/conda-forge/osx-64/bzip2-1.0.8-h0d85af4_4.tar.bz2#37edc4e6304ca87316e160f5ca0bd1b5
https://conda.anaconda.org/conda-forge/osx-64/c-ares-1.17.2-h0d85af4_0.tar.bz2#133e6624e8c549a83f5350847d3e0a43
https://conda.anaconda.org/conda-forge/osx-64/ca-certificates-2021.5.30-h033912b_0.tar.bz2#2377a0c58b5ffe92d70b7bdcd833e8ff
https://conda.anaconda.org/conda-forge/osx-64/giflib-5.2.1-hbcb3906_2.tar.bz2#be8f747c37e4d7e346c133e641966750
https://conda.anaconda.org/conda-forge/osx-64/jpeg-9d-hbcb3906_0.tar.bz2#ff6fba028f282f94ceb10597d58a56e8
https://conda.anaconda.org/conda-forge/osx-64/jxrlib-1.1-h35c211d_2.tar.bz2#1c2379fd9d5d4ecb151231f6282e699d
https://conda.anaconda.org/conda-forge/osx-64/lame-3.100-h35c211d_1001.tar.bz2#6bb207f7b08380ce2bc833bb60f91046
https://conda.anaconda.org/conda-forge/osx-64/libbrotlicommon-1.0.9-h0d85af4_5.tar.bz2#6960869602b2c5c7846dcec3449990cc
https://conda.anaconda.org/conda-forge/osx-64/libcxx-12.0.1-habf9029_0.tar.bz2#49c188a7f9c7c9ddabafc80cc5625bb7
https://conda.anaconda.org/conda-forge/osx-64/libdeflate-1.8-h0d85af4_0.tar.bz2#0c233c9a12552ee43d1e3f477f2a54ee
https://conda.anaconda.org/conda-forge/osx-64/libev-4.33-haf1e3a3_1.tar.bz2#79dc2be110b2a3d1e97ec21f691c50ad
https://conda.anaconda.org/conda-forge/osx-64/libiconv-1.16-haf1e3a3_0.tar.bz2#c5fab167412a52e491c8e11453ae016f
https://conda.anaconda.org/conda-forge/osx-64/libwebp-base-1.2.1-h0d85af4_0.tar.bz2#8c6f05a6655b7911c62910343ba806d1
https://conda.anaconda.org/conda-forge/osx-64/llvm-openmp-12.0.1-hda6cdc1_1.tar.bz2#35b1fd6ed9f0f1c68583dc9c9f672513
https://conda.anaconda.org/conda-forge/osx-64/ncurses-6.2-h2e338ed_4.tar.bz2#9cef1910395d1543527583e73dba30f1
https://conda.anaconda.org/conda-forge/osx-64/nettle-3.6-hedd7734_0.tar.bz2#9c9d5d69c39596b22a7495aef3310a3d
https://conda.anaconda.org/conda-forge/osx-64/pixman-0.40.0-hbcb3906_0.tar.bz2#09a583a6f172715be21d93aaa1b42d71
https://conda.anaconda.org/conda-forge/osx-64/x264-1!161.3030-h0d85af4_1.tar.bz2#3162269a4e63ed7dcf34ffef591aef94
https://conda.anaconda.org/conda-forge/osx-64/xz-5.2.5-haf1e3a3_1.tar.bz2#41116deb499e9bc58048c297d6403ce6
https://conda.anaconda.org/conda-forge/osx-64/yaml-0.2.5-haf1e3a3_0.tar.bz2#84c2fc186995c25a43e86ed708065572
https://conda.anaconda.org/conda-forge/osx-64/zlib-1.2.11-h7795811_1010.tar.bz2#7d39e47e16ed0107f37c7224d5b5be8b
https://conda.anaconda.org/conda-forge/osx-64/blosc-1.21.0-he49afe7_0.tar.bz2#95ea0559c188b34a888d42545c580268
https://conda.anaconda.org/conda-forge/osx-64/charls-2.2.0-h046ec9c_0.tar.bz2#f685a772dc68f4e469c373a0588e89e4
https://conda.anaconda.org/conda-forge/osx-64/gmp-6.2.1-h2e338ed_0.tar.bz2#dedc96914428dae572a39e69ee2a392f
https://conda.anaconda.org/conda-forge/osx-64/graphite2-1.3.13-h2e338ed_1001.tar.bz2#5f6e7f98caddd0fc2d345b207531814c
https://conda.anaconda.org/conda-forge/osx-64/icu-68.1-h74dc148_0.tar.bz2#e4e7f8580abd1275ea2250fe606b66ac
https://conda.anaconda.org/conda-forge/osx-64/jasper-1.900.1-h636a363_1006.tar.bz2#3da668fadd9fe0387d68180a21b9c3c7
https://conda.anaconda.org/conda-forge/osx-64/lerc-2.2.1-h046ec9c_0.tar.bz2#2b4abd282f644dc51225fa9b90218567
https://conda.anaconda.org/conda-forge/osx-64/libaec-1.0.5-he49afe7_0.tar.bz2#0ad2e558003c09b7f4a7aa5227bbf163
https://conda.anaconda.org/conda-forge/osx-64/libbrotlidec-1.0.9-h0d85af4_5.tar.bz2#9b2731519a0a951f6a0e530813c13153
https://conda.anaconda.org/conda-forge/osx-64/libbrotlienc-1.0.9-h0d85af4_5.tar.bz2#f8a82c09a3de542a7d7ce7c7eaefcf98
https://conda.anaconda.org/conda-forge/osx-64/libedit-3.1.20191231-h0678c8f_2.tar.bz2#6016a8a1d0e63cac3de2c352cd40208b
https://conda.anaconda.org/conda-forge/osx-64/libffi-3.3-h046ec9c_2.tar.bz2#c7a196accaf92d40985d5c9b4d14f9cb
https://conda.anaconda.org/conda-forge/osx-64/libgfortran5-9.3.0-h6c81a4c_23.tar.bz2#a6956ceb628b14594613cefee5127a7a
https://conda.anaconda.org/conda-forge/osx-64/libpng-1.6.37-h7cec526_2.tar.bz2#9e52521faba2b53269672628d34e1513
https://conda.anaconda.org/conda-forge/osx-64/libprotobuf-3.16.0-hcf210ce_0.tar.bz2#21c6e628ec9c9fb53b8b562f39642ffc
https://conda.anaconda.org/conda-forge/osx-64/libzopfli-1.0.3-h046ec9c_0.tar.bz2#55f3f5c9bccca18d33cb3a4bcfe002d7
https://conda.anaconda.org/conda-forge/osx-64/lz4-c-1.9.3-he49afe7_1.tar.bz2#05c08241b66631c00ca4f9e0b75320bc
https://conda.anaconda.org/conda-forge/osx-64/openh264-2.1.1-hfd3ada9_0.tar.bz2#468e32402dae56c73b29fb74160a9b2a
https://conda.anaconda.org/conda-forge/osx-64/openssl-1.1.1l-h0d85af4_0.tar.bz2#f7bcdbb7a5dae97030eee20b884b1f8a
https://conda.anaconda.org/conda-forge/osx-64/pcre-8.45-he49afe7_0.tar.bz2#0526850419e04ac003bc0b65a78dc4cc
https://conda.anaconda.org/conda-forge/osx-64/readline-8.1-h05e3726_0.tar.bz2#2832e9b6a7caa7cb192fcda6cfcd8871
https://conda.anaconda.org/conda-forge/osx-64/snappy-1.1.8-hb1e8313_3.tar.bz2#73b65b3935375b56deb96f6794ed721e
https://conda.anaconda.org/conda-forge/osx-64/tk-8.6.11-h5dbffcc_1.tar.bz2#e35b11155bd70facee39dfdec7368ad0
https://conda.anaconda.org/conda-forge/osx-64/zfp-0.5.5-h4a89273_6.tar.bz2#835804e776240e95584693c3c512eeb0
https://conda.anaconda.org/conda-forge/osx-64/brotli-bin-1.0.9-h0d85af4_5.tar.bz2#08556d90dc27d7d9a409742049237a8d
https://conda.anaconda.org/conda-forge/osx-64/freetype-2.10.4-h4cff582_1.tar.bz2#5a136a432c6062362cd7990c514bd8d6
https://conda.anaconda.org/conda-forge/osx-64/gettext-0.19.8.1-h7937167_1005.tar.bz2#52fd84c5cc5d61a6e05885f44d033efa
https://conda.anaconda.org/conda-forge/osx-64/krb5-1.19.2-hcfbf3a7_0.tar.bz2#a690006b8fea5c7d9eccf30aa07bb5d9
https://conda.anaconda.org/conda-forge/osx-64/libgfortran-5.0.0-9_3_0_h6c81a4c_23.tar.bz2#60f48cef2d50674e0428c5579b6c3f66
https://conda.anaconda.org/conda-forge/osx-64/libnghttp2-1.43.0-h07e645a_0.tar.bz2#b4a9c405d47f3b120ed6cf86cc8a13aa
https://conda.anaconda.org/conda-forge/osx-64/libssh2-1.10.0-h52ee1ee_0.tar.bz2#82858fa149bef5fa4c0d302e553422a8
https://conda.anaconda.org/conda-forge/osx-64/libxml2-2.9.12-h93ec3fd_0.tar.bz2#3bb7e5cd72ee6520ce6e26600a1283db
https://conda.anaconda.org/conda-forge/osx-64/sqlite-3.36.0-h23a322b_0.tar.bz2#6b6f868ab26da23c5a9b518799de901a
https://conda.anaconda.org/conda-forge/osx-64/zstd-1.5.0-h582d3a0_0.tar.bz2#96a04eeb0146059f0c2d63491f77d6d0
https://conda.anaconda.org/conda-forge/osx-64/brotli-1.0.9-h0d85af4_5.tar.bz2#70ddb29c0c6c3d33d50d0a6c2b6fddc2
https://conda.anaconda.org/conda-forge/osx-64/fontconfig-2.13.1-h10f422b_1005.tar.bz2#95d7756fee0926aa2b6d111299c173f7
https://conda.anaconda.org/conda-forge/osx-64/gnutls-3.6.13-h756fd2b_1.tar.bz2#cf812214a917b4d48ce536d427770ec9
https://conda.anaconda.org/conda-forge/osx-64/libcurl-7.78.0-hf45b732_0.tar.bz2#dbd0239d2c0aee6405a5466ad7cdf7ee
https://conda.anaconda.org/conda-forge/osx-64/libglib-2.68.4-hd556434_0.tar.bz2#8e59bd8f9587320036d6dc88c438971f
https://conda.anaconda.org/conda-forge/osx-64/libopenblas-0.3.17-openmp_h3351f45_1.tar.bz2#7bcb478878af05fa60697e809d7827aa
https://conda.anaconda.org/conda-forge/osx-64/libtiff-4.3.0-h1167814_0.tar.bz2#91356ffabc9c16907b9b2ebb3c789258
https://conda.anaconda.org/conda-forge/osx-64/python-3.8.10-h0e5c897_0_cpython.tar.bz2#4aa1572dc4c4ac9afdc33dbaa9e57424
https://conda.anaconda.org/conda-forge/noarch/appdirs-1.4.4-pyh9f0ad1d_0.tar.bz2#5f095bc6454094e96f146491fd03633b
https://conda.anaconda.org/conda-forge/osx-64/brunsli-0.1-h046ec9c_0.tar.bz2#28d47920c95b85499c9a61994cc49b87
https://conda.anaconda.org/conda-forge/osx-64/cairo-1.16.0-he43a7df_1008.tar.bz2#9a7c5be2c238f69157979bd1987bac82
https://conda.anaconda.org/conda-forge/osx-64/cfitsio-3.470-h01dc385_7.tar.bz2#7f3e6254480eeccf854238807b1798d9
https://conda.anaconda.org/conda-forge/noarch/cloudpickle-1.6.0-py_0.tar.bz2#76d764d8881719e305f6fa368dc2b65e
https://conda.anaconda.org/conda-forge/noarch/colorama-0.4.4-pyh9f0ad1d_0.tar.bz2#c08b4c1326b880ed44f3ffb04803332f
https://conda.anaconda.org/conda-forge/noarch/decorator-5.0.9-pyhd8ed1ab_0.tar.bz2#0ae9cca42e37b5ce6267c2a2b1383546
https://conda.anaconda.org/conda-forge/osx-64/ffmpeg-4.3.2-h4dad6da_0.tar.bz2#112e3a55e50ac60be3cb2c684b80667e
https://conda.anaconda.org/conda-forge/noarch/fsspec-2021.8.1-pyhd8ed1ab_0.tar.bz2#c91815f86a9c2ed7525e9dc78fb189e4
https://conda.anaconda.org/conda-forge/osx-64/hdf5-1.10.6-nompi_hc5d9132_1114.tar.bz2#b7f592b79c2c97646a6c7f874b0db33a
https://conda.anaconda.org/conda-forge/noarch/idna-2.10-pyh9f0ad1d_0.tar.bz2#f95a12b4f435aae6680fe55ae2eb1b06
https://conda.anaconda.org/conda-forge/osx-64/lcms2-2.12-h577c468_0.tar.bz2#abce77b852b73670e85e104746b0ea1b
https://conda.anaconda.org/conda-forge/osx-64/libblas-3.9.0-11_osx64_openblas.tar.bz2#2f9b6da86f6018deedf855ccb04893a5
https://conda.anaconda.org/conda-forge/noarch/locket-0.2.0-py_2.tar.bz2#709e8671651c7ec3d1ad07800339ff1d
https://conda.anaconda.org/conda-forge/noarch/olefile-0.46-pyh9f0ad1d_1.tar.bz2#0b2e68acc8c78c8cc392b90983481f58
https://conda.anaconda.org/conda-forge/osx-64/openjpeg-2.4.0-h6e7aa92_1.tar.bz2#c8cbb6d99f6467246ac26a139256e50f
https://conda.anaconda.org/conda-forge/noarch/pycparser-2.20-pyh9f0ad1d_2.tar.bz2#aa798d50ffd182a0f6f31478c7f434f6
https://conda.anaconda.org/conda-forge/noarch/pyparsing-2.4.7-pyh9f0ad1d_0.tar.bz2#626c4f20d5bf06dcec9cf2eaa31725c7
https://conda.anaconda.org/conda-forge/osx-64/python_abi-3.8-2_cp38.tar.bz2#156803acb0247c263c9586f190b72f1c
https://conda.anaconda.org/conda-forge/noarch/pytz-2021.1-pyhd8ed1ab_0.tar.bz2#3af2e9424d5eb0063824a3f9b850d411
https://conda.anaconda.org/conda-forge/noarch/six-1.16.0-pyh6c4a22f_0.tar.bz2#e5f25f8dbc060e9a8d912e432202afc2
https://conda.anaconda.org/conda-forge/noarch/threadpoolctl-2.2.0-pyh8a188c0_0.tar.bz2#4c475df2b6f33aa27d197d4bb9696fef
https://conda.anaconda.org/conda-forge/noarch/toolz-0.11.1-py_0.tar.bz2#d1e66b58cb00b3817ad9f05eec098c00
https://conda.anaconda.org/conda-forge/noarch/wheel-0.37.0-pyhd8ed1ab_1.tar.bz2#3aa2c3e25dd361b453d010388b9cdff1
https://conda.anaconda.org/conda-forge/noarch/xmltodict-0.12.0-py_0.tar.bz2#5f9715657f780b73fc3118ff9efd8562
https://conda.anaconda.org/conda-forge/noarch/zipp-3.5.0-pyhd8ed1ab_0.tar.bz2#f9dd05a5ed6b81c91f097e3739107a74
https://conda.anaconda.org/conda-forge/osx-64/certifi-2021.5.30-py38h50d1736_0.tar.bz2#3f46f92d61f3c1809c2651e4cde439b6
https://conda.anaconda.org/conda-forge/osx-64/cffi-1.14.6-py38h9688ba1_0.tar.bz2#35e98e19d29b3cffdfa667995b999d7b
https://conda.anaconda.org/conda-forge/osx-64/chardet-4.0.0-py38h50d1736_1.tar.bz2#78e43861bd8d39b948feaa1715b22851
https://conda.anaconda.org/conda-forge/noarch/cycler-0.10.0-py_2.tar.bz2#f6d7c7e6d8f42cbbec7e07a8d879f91c
https://conda.anaconda.org/conda-forge/osx-64/cytoolz-0.11.0-py38h96a0964_3.tar.bz2#36a1a1fae8f1fceaba2e6b69865c48f8
https://conda.anaconda.org/conda-forge/osx-64/harfbuzz-2.9.0-h159f659_0.tar.bz2#da0d5c4d8eff0f3732fbf884ae1386be
https://conda.anaconda.org/conda-forge/noarch/importlib_resources-5.2.2-pyhd8ed1ab_0.tar.bz2#95f347313ca89b90b65ea5265051aea1
https://conda.anaconda.org/conda-forge/osx-64/kiwisolver-1.3.2-py38h12bbefe_0.tar.bz2#aa6a19e5d8046723760acd891afbc157
https://conda.anaconda.org/conda-forge/osx-64/libcblas-3.9.0-11_osx64_openblas.tar.bz2#c0378dd75e109b7a0b622e8d2a151dea
https://conda.anaconda.org/conda-forge/osx-64/liblapack-3.9.0-11_osx64_openblas.tar.bz2#6b296c0d990d973f20abb79078de9812
https://conda.anaconda.org/conda-forge/osx-64/markupsafe-2.0.1-py38h96a0964_0.tar.bz2#8faa70041542bf72f166f87a83ba0af2
https://conda.anaconda.org/conda-forge/noarch/packaging-21.0-pyhd8ed1ab_0.tar.bz2#45cfb8e482b5cce8f07c87e0e19a592c
https://conda.anaconda.org/conda-forge/noarch/partd-1.2.0-pyhd8ed1ab_0.tar.bz2#0c32f563d7f22e3a34c95cad8cc95651
https://conda.anaconda.org/conda-forge/osx-64/pillow-8.3.2-py38hee640a0_0.tar.bz2#b36f8f777d8bf4cc957ec04d4f9fcf22
https://conda.anaconda.org/conda-forge/osx-64/pysocks-1.7.1-py38h50d1736_3.tar.bz2#cbf7ab149d29e578a094bcf99d2dbf09
https://conda.anaconda.org/conda-forge/noarch/python-dateutil-2.8.2-pyhd8ed1ab_0.tar.bz2#dd999d1cc9f79e67dbb855c8924c7984
https://conda.anaconda.org/conda-forge/osx-64/pyyaml-5.4.1-py38h96a0964_1.tar.bz2#84280026c5b932c188e3d6191850bcc6
https://conda.anaconda.org/conda-forge/osx-64/ruamel.yaml.clib-0.2.2-py38h5406a74_2.tar.bz2#421b4b747db26eabd4e50db876c29a21
https://conda.anaconda.org/conda-forge/osx-64/setuptools-57.4.0-py38h50d1736_0.tar.bz2#71a947088d7dc24f11e6e1309eef3309
https://conda.anaconda.org/conda-forge/noarch/slicerator-1.0.0-py_0.tar.bz2#551a62953501c4a9dd6ef8f18b4fe92e
https://conda.anaconda.org/conda-forge/osx-64/tornado-6.1-py38h96a0964_1.tar.bz2#f227f678860b2028b200544e2ae16790
https://conda.anaconda.org/conda-forge/noarch/tqdm-4.62.2-pyhd8ed1ab_0.tar.bz2#129972a3ca8bb5abcf80f24ad2c12dae
https://conda.anaconda.org/conda-forge/osx-64/brotlipy-0.7.0-py38h96a0964_1001.tar.bz2#aaf4da127e2c5f3c14c9516ba5bed670
https://conda.anaconda.org/conda-forge/osx-64/cryptography-3.4.7-py38h1fa4640_0.tar.bz2#5304e7f817ae1197827db78524f7c2a7
https://conda.anaconda.org/conda-forge/noarch/dask-core-2021.9.0-pyhd8ed1ab_0.tar.bz2#19ebaae81d3c3767653f3634fb77ec57
https://conda.anaconda.org/conda-forge/noarch/imageio-ffmpeg-0.4.5-pyhd8ed1ab_0.tar.bz2#36261aceb9f073b789f4d3dbba14c5e6
https://conda.anaconda.org/conda-forge/noarch/jinja2-3.0.1-pyhd8ed1ab_0.tar.bz2#c647e77921fd3e245cdcc5b2d451a0f8
https://conda.anaconda.org/conda-forge/noarch/joblib-1.0.1-pyhd8ed1ab_0.tar.bz2#27d5ed1aaf2bbb5a0cc307a12d8e032f
https://conda.anaconda.org/conda-forge/osx-64/liblapacke-3.9.0-11_osx64_openblas.tar.bz2#19c86d954f58695f2fc4190e552cae44
https://conda.anaconda.org/conda-forge/noarch/networkx-2.5-py_0.tar.bz2#d836ad8453c22192357707026ca21653
https://conda.anaconda.org/conda-forge/osx-64/numpy-1.21.2-py38h49b9922_0.tar.bz2#e169c9a2f0100cacca1171c49f4ec32e
https://conda.anaconda.org/conda-forge/noarch/pip-21.2.4-pyhd8ed1ab_0.tar.bz2#4104ada314dd5639ea36cc12bce0a2cd
https://conda.anaconda.org/conda-forge/osx-64/ruamel.yaml-0.17.16-py38h96a0964_0.tar.bz2#5bb80e2824934c9c13b36a1b4cc38778
https://conda.anaconda.org/conda-forge/osx-64/imagecodecs-2021.7.30-py38h1d95394_0.tar.bz2#aaa34f465ca8df57e7d2bb1a729d1af0
https://conda.anaconda.org/conda-forge/noarch/imageio-2.9.0-py_0.tar.bz2#62ad9e579278e777d4abaa8c9312b6a7
https://conda.anaconda.org/conda-forge/osx-64/libopencv-4.5.3-py38h91731a1_1.tar.bz2#cbde3c59ad849a42c6514ca4d205e413
https://conda.anaconda.org/conda-forge/osx-64/matplotlib-base-3.4.3-py38hc7d2367_0.tar.bz2#257e9f5943267d82d8bc3b390a2985c1
https://conda.anaconda.org/conda-forge/osx-64/pandas-1.3.2-py38ha53d530_0.tar.bz2#17b9092ca15a386e359e65ec63ad2ce7
https://conda.anaconda.org/conda-forge/noarch/pyopenssl-20.0.1-pyhd8ed1ab_0.tar.bz2#92371c25994d0f5d28a01c1fb75ebf86
https://conda.anaconda.org/conda-forge/osx-64/pywavelets-1.1.1-py38hbe852b5_3.tar.bz2#add938c2ffdcc9289d67059fd8575111
https://conda.anaconda.org/conda-forge/osx-64/scipy-1.7.1-py38hd329d04_0.tar.bz2#b1813b8683f7ef6962400ef85ce621de
https://conda.anaconda.org/conda-forge/osx-64/matplotlib-3.4.3-py38h50d1736_0.tar.bz2#f856dbce0cb6475f4fc6ed8d4cfef2b9
https://conda.anaconda.org/conda-forge/noarch/patsy-0.5.1-py_0.tar.bz2#d971df2dcd1a453daabecec0ef76e88a
https://conda.anaconda.org/conda-forge/osx-64/py-opencv-4.5.3-py38h5fd9f69_1.tar.bz2#96e4911d333ccfe277464a6c216e114a
https://conda.anaconda.org/conda-forge/osx-64/scikit-learn-0.24.2-py38h1021539_1.tar.bz2#16ada58a450d856969d90e44706680b4
https://conda.anaconda.org/conda-forge/noarch/seaborn-base-0.11.2-pyhd8ed1ab_0.tar.bz2#fe2303dc8f1febeb82d927ce8ad153ed
https://conda.anaconda.org/conda-forge/noarch/tifffile-2021.8.30-pyhd8ed1ab_0.tar.bz2#29f8fe4aa9a1b47ae0d8190a427bdf73
https://conda.anaconda.org/conda-forge/noarch/urllib3-1.26.6-pyhd8ed1ab_0.tar.bz2#dea5b6d93cfbfbc2a253168ad05b3f89
https://conda.anaconda.org/conda-forge/osx-64/opencv-4.5.3-py38h50d1736_1.tar.bz2#5a66ba8102cede0d906c5c61807abd34
https://conda.anaconda.org/conda-forge/noarch/pims-0.5-pyh9f0ad1d_1.tar.bz2#bbc8e203fafd5e91852c453a5ec10831
https://conda.anaconda.org/conda-forge/noarch/requests-2.25.1-pyhd3deb0d_0.tar.bz2#ae687aba31a1c400192a86a2e993ffdc
https://conda.anaconda.org/conda-forge/osx-64/statsmodels-0.12.2-py38hbe852b5_0.tar.bz2#341dd112be0e6f4dadefc474a8b89e34
https://conda.anaconda.org/conda-forge/noarch/nd2reader-3.2.3-py_2.tar.bz2#00bd3384a98f5776d9445d2cac62b91e
https://conda.anaconda.org/conda-forge/noarch/pooch-1.5.1-pyhd8ed1ab_0.tar.bz2#75ed39bc4a6554e53e8e82702c7762be
https://conda.anaconda.org/conda-forge/noarch/seaborn-0.11.2-hd8ed1ab_0.tar.bz2#e56b6a19f4b717eca7c68ad78196b075
https://conda.anaconda.org/conda-forge/osx-64/scikit-image-0.18.3-py38ha53d530_0.tar.bz2#5ed74713e1db4256648b62305744e2b2
